// !$*UTF8*$!
{
	archiveVersion = 1;
	classes = {
	};
	objectVersion = 46;
	objects = {

/* Begin PBXBuildFile section */
		07F999DE8DEE11E7F812B672 /* libPods.a in Frameworks */ = {isa = PBXBuildFile; fileRef = 65733EC04345BFA3E7348982 /* libPods.a */; };
		4F13F29B1AE3142900B55A5C /* EXPMatchers+FBSnapshotTestExtensions.m in Sources */ = {isa = PBXBuildFile; fileRef = 4F13F28E1AE3142900B55A5C /* EXPMatchers+FBSnapshotTestExtensions.m */; };
		4F13F29C1AE3142900B55A5C /* NSString+LoremIpsum.m in Sources */ = {isa = PBXBuildFile; fileRef = 4F13F2901AE3142900B55A5C /* NSString+LoremIpsum.m */; };
		4F13F29D1AE3142900B55A5C /* SLKTextInputbarTests.m in Sources */ = {isa = PBXBuildFile; fileRef = 4F13F2911AE3142900B55A5C /* SLKTextInputbarTests.m */; };
		4F13F29E1AE3142900B55A5C /* SLKTextViewControllerTests.m in Sources */ = {isa = PBXBuildFile; fileRef = 4F13F2921AE3142900B55A5C /* SLKTextViewControllerTests.m */; };
		4F13F29F1AE3142900B55A5C /* SLKTextInputbarStub.m in Sources */ = {isa = PBXBuildFile; fileRef = 4F13F2961AE3142900B55A5C /* SLKTextInputbarStub.m */; };
		4F13F2A01AE3142900B55A5C /* SLKTextViewControllerStub.m in Sources */ = {isa = PBXBuildFile; fileRef = 4F13F2981AE3142900B55A5C /* SLKTextViewControllerStub.m */; };
		4F13F2A11AE3142900B55A5C /* SLKTextViewStub.m in Sources */ = {isa = PBXBuildFile; fileRef = 4F13F29A1AE3142900B55A5C /* SLKTextViewStub.m */; };
		4F13F2CF1AE319C400B55A5C /* AppDelegate.m in Sources */ = {isa = PBXBuildFile; fileRef = 4F13F2CB1AE319C400B55A5C /* AppDelegate.m */; };
		4F13F2D01AE319C400B55A5C /* AppDelegate.m in Sources */ = {isa = PBXBuildFile; fileRef = 4F13F2CB1AE319C400B55A5C /* AppDelegate.m */; };
		4F13F2D51AE319C400B55A5C /* main.m in Sources */ = {isa = PBXBuildFile; fileRef = 4F13F2CE1AE319C400B55A5C /* main.m */; };
		4F13F2D61AE319C400B55A5C /* main.m in Sources */ = {isa = PBXBuildFile; fileRef = 4F13F2CE1AE319C400B55A5C /* main.m */; };
		4F34849B1AFA89670047FF6F /* Default-568h@2x.png in Resources */ = {isa = PBXBuildFile; fileRef = 4F34849A1AFA89670047FF6F /* Default-568h@2x.png */; };
		4F34849C1AFA896C0047FF6F /* Default-568h@2x.png in Resources */ = {isa = PBXBuildFile; fileRef = 4F34849A1AFA89670047FF6F /* Default-568h@2x.png */; };
		9C1CDEF58F483EBE397D107D /* libPods.a in Frameworks */ = {isa = PBXBuildFile; fileRef = 65733EC04345BFA3E7348982 /* libPods.a */; };
/* End PBXBuildFile section */

/* Begin PBXContainerItemProxy section */
		4F13F2C71AE3192A00B55A5C /* PBXContainerItemProxy */ = {
			isa = PBXContainerItemProxy;
			containerPortal = 4F13F23D1AE3120D00B55A5C /* Project object */;
			proxyType = 1;
			remoteGlobalIDString = 4F13F2A61AE3190A00B55A5C;
			remoteInfo = HostApp;
		};
/* End PBXContainerItemProxy section */

/* Begin PBXFileReference section */
		4F13F2831AE3140200B55A5C /* Tests.xctest */ = {isa = PBXFileReference; explicitFileType = wrapper.cfbundle; includeInIndex = 0; path = Tests.xctest; sourceTree = BUILT_PRODUCTS_DIR; };
		4F13F28D1AE3142900B55A5C /* EXPMatchers+FBSnapshotTestExtensions.h */ = {isa = PBXFileReference; fileEncoding = 4; lastKnownFileType = sourcecode.c.h; path = "EXPMatchers+FBSnapshotTestExtensions.h"; sourceTree = "<group>"; };
		4F13F28E1AE3142900B55A5C /* EXPMatchers+FBSnapshotTestExtensions.m */ = {isa = PBXFileReference; fileEncoding = 4; lastKnownFileType = sourcecode.c.objc; path = "EXPMatchers+FBSnapshotTestExtensions.m"; sourceTree = "<group>"; };
		4F13F28F1AE3142900B55A5C /* NSString+LoremIpsum.h */ = {isa = PBXFileReference; fileEncoding = 4; lastKnownFileType = sourcecode.c.h; path = "NSString+LoremIpsum.h"; sourceTree = "<group>"; };
		4F13F2901AE3142900B55A5C /* NSString+LoremIpsum.m */ = {isa = PBXFileReference; fileEncoding = 4; lastKnownFileType = sourcecode.c.objc; path = "NSString+LoremIpsum.m"; sourceTree = "<group>"; };
		4F13F2911AE3142900B55A5C /* SLKTextInputbarTests.m */ = {isa = PBXFileReference; fileEncoding = 4; lastKnownFileType = sourcecode.c.objc; path = SLKTextInputbarTests.m; sourceTree = "<group>"; };
		4F13F2921AE3142900B55A5C /* SLKTextViewControllerTests.m */ = {isa = PBXFileReference; fileEncoding = 4; lastKnownFileType = sourcecode.c.objc; path = SLKTextViewControllerTests.m; sourceTree = "<group>"; };
		4F13F2951AE3142900B55A5C /* SLKTextInputbarStub.h */ = {isa = PBXFileReference; fileEncoding = 4; lastKnownFileType = sourcecode.c.h; path = SLKTextInputbarStub.h; sourceTree = "<group>"; };
		4F13F2961AE3142900B55A5C /* SLKTextInputbarStub.m */ = {isa = PBXFileReference; fileEncoding = 4; lastKnownFileType = sourcecode.c.objc; path = SLKTextInputbarStub.m; sourceTree = "<group>"; };
		4F13F2971AE3142900B55A5C /* SLKTextViewControllerStub.h */ = {isa = PBXFileReference; fileEncoding = 4; lastKnownFileType = sourcecode.c.h; path = SLKTextViewControllerStub.h; sourceTree = "<group>"; };
		4F13F2981AE3142900B55A5C /* SLKTextViewControllerStub.m */ = {isa = PBXFileReference; fileEncoding = 4; lastKnownFileType = sourcecode.c.objc; path = SLKTextViewControllerStub.m; sourceTree = "<group>"; };
		4F13F2991AE3142900B55A5C /* SLKTextViewStub.h */ = {isa = PBXFileReference; fileEncoding = 4; lastKnownFileType = sourcecode.c.h; path = SLKTextViewStub.h; sourceTree = "<group>"; };
		4F13F29A1AE3142900B55A5C /* SLKTextViewStub.m */ = {isa = PBXFileReference; fileEncoding = 4; lastKnownFileType = sourcecode.c.objc; path = SLKTextViewStub.m; sourceTree = "<group>"; };
		4F13F2A71AE3190A00B55A5C /* Application.app */ = {isa = PBXFileReference; explicitFileType = wrapper.application; includeInIndex = 0; path = Application.app; sourceTree = BUILT_PRODUCTS_DIR; };
		4F13F2CA1AE319C400B55A5C /* AppDelegate.h */ = {isa = PBXFileReference; fileEncoding = 4; lastKnownFileType = sourcecode.c.h; path = AppDelegate.h; sourceTree = "<group>"; };
		4F13F2CB1AE319C400B55A5C /* AppDelegate.m */ = {isa = PBXFileReference; fileEncoding = 4; lastKnownFileType = sourcecode.c.objc; path = AppDelegate.m; sourceTree = "<group>"; };
		4F13F2CC1AE319C400B55A5C /* Application-Info.plist */ = {isa = PBXFileReference; fileEncoding = 4; lastKnownFileType = text.plist.xml; path = "Application-Info.plist"; sourceTree = "<group>"; };
		4F13F2CD1AE319C400B55A5C /* Tests-Info.plist */ = {isa = PBXFileReference; fileEncoding = 4; lastKnownFileType = text.plist.xml; path = "Tests-Info.plist"; sourceTree = "<group>"; };
		4F13F2CE1AE319C400B55A5C /* main.m */ = {isa = PBXFileReference; fileEncoding = 4; lastKnownFileType = sourcecode.c.objc; path = main.m; sourceTree = "<group>"; };
		4F34849A1AFA89670047FF6F /* Default-568h@2x.png */ = {isa = PBXFileReference; lastKnownFileType = image.png; path = "Default-568h@2x.png"; sourceTree = "<group>"; };
		65733EC04345BFA3E7348982 /* libPods.a */ = {isa = PBXFileReference; explicitFileType = archive.ar; includeInIndex = 0; path = libPods.a; sourceTree = BUILT_PRODUCTS_DIR; };
		8F55D33256EB9B7897C4492B /* Pods.release.xcconfig */ = {isa = PBXFileReference; includeInIndex = 1; lastKnownFileType = text.xcconfig; name = Pods.release.xcconfig; path = "Pods/Target Support Files/Pods/Pods.release.xcconfig"; sourceTree = "<group>"; };
		FA34B70E3558A164D91762C3 /* Pods.debug.xcconfig */ = {isa = PBXFileReference; includeInIndex = 1; lastKnownFileType = text.xcconfig; name = Pods.debug.xcconfig; path = "Pods/Target Support Files/Pods/Pods.debug.xcconfig"; sourceTree = "<group>"; };
/* End PBXFileReference section */

/* Begin PBXFrameworksBuildPhase section */
		4F13F2801AE3140200B55A5C /* Frameworks */ = {
			isa = PBXFrameworksBuildPhase;
			buildActionMask = 2147483647;
			files = (
				07F999DE8DEE11E7F812B672 /* libPods.a in Frameworks */,
			);
			runOnlyForDeploymentPostprocessing = 0;
		};
		4F13F2A41AE3190A00B55A5C /* Frameworks */ = {
			isa = PBXFrameworksBuildPhase;
			buildActionMask = 2147483647;
			files = (
				9C1CDEF58F483EBE397D107D /* libPods.a in Frameworks */,
			);
			runOnlyForDeploymentPostprocessing = 0;
		};
/* End PBXFrameworksBuildPhase section */

/* Begin PBXGroup section */
		4F13F23C1AE3120D00B55A5C = {
			isa = PBXGroup;
			children = (
				4F13F2841AE3140200B55A5C /* Tests */,
				4F13F2C91AE319C400B55A5C /* Supporting Files */,
				4F13F2461AE3120E00B55A5C /* Products */,
				BD305ABCF4F211C4C5037B83 /* Pods */,
				63FEEC92880171E879EE06FB /* Frameworks */,
			);
			sourceTree = "<group>";
		};
		4F13F2461AE3120E00B55A5C /* Products */ = {
			isa = PBXGroup;
			children = (
				4F13F2831AE3140200B55A5C /* Tests.xctest */,
				4F13F2A71AE3190A00B55A5C /* Application.app */,
			);
			name = Products;
			sourceTree = "<group>";
		};
		4F13F2841AE3140200B55A5C /* Tests */ = {
			isa = PBXGroup;
			children = (
				4F13F2911AE3142900B55A5C /* SLKTextInputbarTests.m */,
				4F13F2921AE3142900B55A5C /* SLKTextViewControllerTests.m */,
				4F13F28C1AE3142900B55A5C /* Extensions */,
				4F13F2931AE3142900B55A5C /* Stubs */,
			);
			path = Tests;
			sourceTree = "<group>";
		};
		4F13F28C1AE3142900B55A5C /* Extensions */ = {
			isa = PBXGroup;
			children = (
				4F13F28D1AE3142900B55A5C /* EXPMatchers+FBSnapshotTestExtensions.h */,
				4F13F28E1AE3142900B55A5C /* EXPMatchers+FBSnapshotTestExtensions.m */,
				4F13F28F1AE3142900B55A5C /* NSString+LoremIpsum.h */,
				4F13F2901AE3142900B55A5C /* NSString+LoremIpsum.m */,
			);
			path = Extensions;
			sourceTree = "<group>";
		};
		4F13F2931AE3142900B55A5C /* Stubs */ = {
			isa = PBXGroup;
			children = (
				4F13F2951AE3142900B55A5C /* SLKTextInputbarStub.h */,
				4F13F2961AE3142900B55A5C /* SLKTextInputbarStub.m */,
				4F13F2971AE3142900B55A5C /* SLKTextViewControllerStub.h */,
				4F13F2981AE3142900B55A5C /* SLKTextViewControllerStub.m */,
				4F13F2991AE3142900B55A5C /* SLKTextViewStub.h */,
				4F13F29A1AE3142900B55A5C /* SLKTextViewStub.m */,
			);
			path = Stubs;
			sourceTree = "<group>";
		};
		4F13F2C91AE319C400B55A5C /* Supporting Files */ = {
			isa = PBXGroup;
			children = (
				4F13F2CA1AE319C400B55A5C /* AppDelegate.h */,
				4F13F2CB1AE319C400B55A5C /* AppDelegate.m */,
				4F34849A1AFA89670047FF6F /* Default-568h@2x.png */,
				4F13F2CC1AE319C400B55A5C /* Application-Info.plist */,
				4F13F2CD1AE319C400B55A5C /* Tests-Info.plist */,
				4F13F2CE1AE319C400B55A5C /* main.m */,
			);
			path = "Supporting Files";
			sourceTree = "<group>";
		};
		63FEEC92880171E879EE06FB /* Frameworks */ = {
			isa = PBXGroup;
			children = (
				65733EC04345BFA3E7348982 /* libPods.a */,
			);
			name = Frameworks;
			sourceTree = "<group>";
		};
		BD305ABCF4F211C4C5037B83 /* Pods */ = {
			isa = PBXGroup;
			children = (
				FA34B70E3558A164D91762C3 /* Pods.debug.xcconfig */,
				8F55D33256EB9B7897C4492B /* Pods.release.xcconfig */,
			);
			name = Pods;
			sourceTree = "<group>";
		};
/* End PBXGroup section */

/* Begin PBXNativeTarget section */
		4F13F2821AE3140200B55A5C /* Tests */ = {
			isa = PBXNativeTarget;
			buildConfigurationList = 4F13F2891AE3140200B55A5C /* Build configuration list for PBXNativeTarget "Tests" */;
			buildPhases = (
				0CF503D4D0A68496D11AE8CB /* Check Pods Manifest.lock */,
				4F13F27F1AE3140200B55A5C /* Sources */,
				4F13F2801AE3140200B55A5C /* Frameworks */,
				4F13F2811AE3140200B55A5C /* Resources */,
				662EDD20C449521568BCA9EB /* Copy Pods Resources */,
			);
			buildRules = (
			);
			dependencies = (
				4F13F2C81AE3192A00B55A5C /* PBXTargetDependency */,
			);
			name = Tests;
			productName = iOSTests;
			productReference = 4F13F2831AE3140200B55A5C /* Tests.xctest */;
			productType = "com.apple.product-type.bundle.unit-test";
		};
		4F13F2A61AE3190A00B55A5C /* Application */ = {
			isa = PBXNativeTarget;
			buildConfigurationList = 4F13F2C51AE3190A00B55A5C /* Build configuration list for PBXNativeTarget "Application" */;
			buildPhases = (
				D3AB3C6B6E94B6A1517DF892 /* Check Pods Manifest.lock */,
				4F13F2A31AE3190A00B55A5C /* Sources */,
				4F13F2A41AE3190A00B55A5C /* Frameworks */,
				4F13F2A51AE3190A00B55A5C /* Resources */,
				44F512F6A87C1D6038D47458 /* Copy Pods Resources */,
			);
			buildRules = (
			);
			dependencies = (
			);
			name = Application;
			productName = HostApp;
			productReference = 4F13F2A71AE3190A00B55A5C /* Application.app */;
			productType = "com.apple.product-type.application";
		};
/* End PBXNativeTarget section */

/* Begin PBXProject section */
		4F13F23D1AE3120D00B55A5C /* Project object */ = {
			isa = PBXProject;
			attributes = {
				LastUpgradeCheck = 0620;
				ORGANIZATIONNAME = "Slack Technologies Inc.";
				TargetAttributes = {
					4F13F2821AE3140200B55A5C = {
						CreatedOnToolsVersion = 6.2;
						TestTargetID = 4F13F2A61AE3190A00B55A5C;
					};
					4F13F2A61AE3190A00B55A5C = {
						CreatedOnToolsVersion = 6.2;
					};
				};
			};
			buildConfigurationList = 4F13F2401AE3120D00B55A5C /* Build configuration list for PBXProject "SlackTextViewControllerTests" */;
			compatibilityVersion = "Xcode 3.2";
			developmentRegion = English;
			hasScannedForEncodings = 0;
			knownRegions = (
				en,
			);
			mainGroup = 4F13F23C1AE3120D00B55A5C;
			productRefGroup = 4F13F2461AE3120E00B55A5C /* Products */;
			projectDirPath = "";
			projectRoot = "";
			targets = (
				4F13F2A61AE3190A00B55A5C /* Application */,
				4F13F2821AE3140200B55A5C /* Tests */,
			);
		};
/* End PBXProject section */

/* Begin PBXResourcesBuildPhase section */
		4F13F2811AE3140200B55A5C /* Resources */ = {
			isa = PBXResourcesBuildPhase;
			buildActionMask = 2147483647;
			files = (
				4F34849C1AFA896C0047FF6F /* Default-568h@2x.png in Resources */,
			);
			runOnlyForDeploymentPostprocessing = 0;
		};
		4F13F2A51AE3190A00B55A5C /* Resources */ = {
			isa = PBXResourcesBuildPhase;
			buildActionMask = 2147483647;
			files = (
				4F34849B1AFA89670047FF6F /* Default-568h@2x.png in Resources */,
			);
			runOnlyForDeploymentPostprocessing = 0;
		};
/* End PBXResourcesBuildPhase section */

/* Begin PBXShellScriptBuildPhase section */
		0CF503D4D0A68496D11AE8CB /* Check Pods Manifest.lock */ = {
			isa = PBXShellScriptBuildPhase;
			buildActionMask = 2147483647;
			files = (
			);
			inputPaths = (
			);
			name = "Check Pods Manifest.lock";
			outputPaths = (
			);
			runOnlyForDeploymentPostprocessing = 0;
			shellPath = /bin/sh;
			shellScript = "diff \"${PODS_ROOT}/../Podfile.lock\" \"${PODS_ROOT}/Manifest.lock\" > /dev/null\nif [[ $? != 0 ]] ; then\n    cat << EOM\nerror: The sandbox is not in sync with the Podfile.lock. Run 'pod install' or update your CocoaPods installation.\nEOM\n    exit 1\nfi\n";
			showEnvVarsInLog = 0;
		};
		44F512F6A87C1D6038D47458 /* Copy Pods Resources */ = {
			isa = PBXShellScriptBuildPhase;
			buildActionMask = 2147483647;
			files = (
			);
			inputPaths = (
			);
			name = "Copy Pods Resources";
			outputPaths = (
			);
			runOnlyForDeploymentPostprocessing = 0;
			shellPath = /bin/sh;
			shellScript = "\"${SRCROOT}/Pods/Target Support Files/Pods/Pods-resources.sh\"\n";
			showEnvVarsInLog = 0;
		};
		662EDD20C449521568BCA9EB /* Copy Pods Resources */ = {
			isa = PBXShellScriptBuildPhase;
			buildActionMask = 2147483647;
			files = (
			);
			inputPaths = (
			);
			name = "Copy Pods Resources";
			outputPaths = (
			);
			runOnlyForDeploymentPostprocessing = 0;
			shellPath = /bin/sh;
			shellScript = "\"${SRCROOT}/Pods/Target Support Files/Pods/Pods-resources.sh\"\n";
			showEnvVarsInLog = 0;
		};
		D3AB3C6B6E94B6A1517DF892 /* Check Pods Manifest.lock */ = {
			isa = PBXShellScriptBuildPhase;
			buildActionMask = 2147483647;
			files = (
			);
			inputPaths = (
			);
			name = "Check Pods Manifest.lock";
			outputPaths = (
			);
			runOnlyForDeploymentPostprocessing = 0;
			shellPath = /bin/sh;
			shellScript = "diff \"${PODS_ROOT}/../Podfile.lock\" \"${PODS_ROOT}/Manifest.lock\" > /dev/null\nif [[ $? != 0 ]] ; then\n    cat << EOM\nerror: The sandbox is not in sync with the Podfile.lock. Run 'pod install' or update your CocoaPods installation.\nEOM\n    exit 1\nfi\n";
			showEnvVarsInLog = 0;
		};
/* End PBXShellScriptBuildPhase section */

/* Begin PBXSourcesBuildPhase section */
		4F13F27F1AE3140200B55A5C /* Sources */ = {
			isa = PBXSourcesBuildPhase;
			buildActionMask = 2147483647;
			files = (
				4F13F2A11AE3142900B55A5C /* SLKTextViewStub.m in Sources */,
				4F13F2A01AE3142900B55A5C /* SLKTextViewControllerStub.m in Sources */,
				4F13F29F1AE3142900B55A5C /* SLKTextInputbarStub.m in Sources */,
				4F13F29E1AE3142900B55A5C /* SLKTextViewControllerTests.m in Sources */,
				4F13F2CF1AE319C400B55A5C /* AppDelegate.m in Sources */,
				4F13F29C1AE3142900B55A5C /* NSString+LoremIpsum.m in Sources */,
				4F13F29B1AE3142900B55A5C /* EXPMatchers+FBSnapshotTestExtensions.m in Sources */,
				4F13F2D51AE319C400B55A5C /* main.m in Sources */,
				4F13F29D1AE3142900B55A5C /* SLKTextInputbarTests.m in Sources */,
			);
			runOnlyForDeploymentPostprocessing = 0;
		};
		4F13F2A31AE3190A00B55A5C /* Sources */ = {
			isa = PBXSourcesBuildPhase;
			buildActionMask = 2147483647;
			files = (
				4F13F2D61AE319C400B55A5C /* main.m in Sources */,
				4F13F2D01AE319C400B55A5C /* AppDelegate.m in Sources */,
			);
			runOnlyForDeploymentPostprocessing = 0;
		};
/* End PBXSourcesBuildPhase section */

/* Begin PBXTargetDependency section */
		4F13F2C81AE3192A00B55A5C /* PBXTargetDependency */ = {
			isa = PBXTargetDependency;
			target = 4F13F2A61AE3190A00B55A5C /* Application */;
			targetProxy = 4F13F2C71AE3192A00B55A5C /* PBXContainerItemProxy */;
		};
/* End PBXTargetDependency section */

/* Begin XCBuildConfiguration section */
		4F13F2601AE3121100B55A5C /* Debug */ = {
			isa = XCBuildConfiguration;
			buildSettings = {
				ALWAYS_SEARCH_USER_PATHS = NO;
				CLANG_CXX_LANGUAGE_STANDARD = "gnu++0x";
				CLANG_CXX_LIBRARY = "libc++";
				CLANG_ENABLE_MODULES = YES;
				CLANG_ENABLE_OBJC_ARC = YES;
				CLANG_WARN_BOOL_CONVERSION = YES;
				CLANG_WARN_CONSTANT_CONVERSION = YES;
				CLANG_WARN_DIRECT_OBJC_ISA_USAGE = YES_ERROR;
				CLANG_WARN_EMPTY_BODY = YES;
				CLANG_WARN_ENUM_CONVERSION = YES;
				CLANG_WARN_INT_CONVERSION = YES;
				CLANG_WARN_OBJC_ROOT_CLASS = YES_ERROR;
				CLANG_WARN_UNREACHABLE_CODE = YES;
				CLANG_WARN__DUPLICATE_METHOD_MATCH = YES;
				"CODE_SIGN_IDENTITY[sdk=iphoneos*]" = "iPhone Developer";
				COPY_PHASE_STRIP = NO;
				ENABLE_STRICT_OBJC_MSGSEND = YES;
				GCC_C_LANGUAGE_STANDARD = gnu99;
				GCC_DYNAMIC_NO_PIC = NO;
				GCC_OPTIMIZATION_LEVEL = 0;
				GCC_PREPROCESSOR_DEFINITIONS = (
					"DEBUG=1",
					"$(inherited)",
				);
				GCC_SYMBOLS_PRIVATE_EXTERN = NO;
				GCC_WARN_64_TO_32_BIT_CONVERSION = YES;
				GCC_WARN_ABOUT_RETURN_TYPE = YES_ERROR;
				GCC_WARN_UNDECLARED_SELECTOR = YES;
				GCC_WARN_UNINITIALIZED_AUTOS = YES_AGGRESSIVE;
				GCC_WARN_UNUSED_FUNCTION = YES;
				GCC_WARN_UNUSED_VARIABLE = YES;
				IPHONEOS_DEPLOYMENT_TARGET = 7.0;
				MTL_ENABLE_DEBUG_INFO = YES;
				ONLY_ACTIVE_ARCH = YES;
				SDKROOT = iphoneos;
			};
			name = Debug;
		};
		4F13F2611AE3121100B55A5C /* Release */ = {
			isa = XCBuildConfiguration;
			buildSettings = {
				ALWAYS_SEARCH_USER_PATHS = NO;
				CLANG_CXX_LANGUAGE_STANDARD = "gnu++0x";
				CLANG_CXX_LIBRARY = "libc++";
				CLANG_ENABLE_MODULES = YES;
				CLANG_ENABLE_OBJC_ARC = YES;
				CLANG_WARN_BOOL_CONVERSION = YES;
				CLANG_WARN_CONSTANT_CONVERSION = YES;
				CLANG_WARN_DIRECT_OBJC_ISA_USAGE = YES_ERROR;
				CLANG_WARN_EMPTY_BODY = YES;
				CLANG_WARN_ENUM_CONVERSION = YES;
				CLANG_WARN_INT_CONVERSION = YES;
				CLANG_WARN_OBJC_ROOT_CLASS = YES_ERROR;
				CLANG_WARN_UNREACHABLE_CODE = YES;
				CLANG_WARN__DUPLICATE_METHOD_MATCH = YES;
				"CODE_SIGN_IDENTITY[sdk=iphoneos*]" = "iPhone Developer";
				COPY_PHASE_STRIP = NO;
				ENABLE_NS_ASSERTIONS = NO;
				ENABLE_STRICT_OBJC_MSGSEND = YES;
				GCC_C_LANGUAGE_STANDARD = gnu99;
				GCC_WARN_64_TO_32_BIT_CONVERSION = YES;
				GCC_WARN_ABOUT_RETURN_TYPE = YES_ERROR;
				GCC_WARN_UNDECLARED_SELECTOR = YES;
				GCC_WARN_UNINITIALIZED_AUTOS = YES_AGGRESSIVE;
				GCC_WARN_UNUSED_FUNCTION = YES;
				GCC_WARN_UNUSED_VARIABLE = YES;
				IPHONEOS_DEPLOYMENT_TARGET = 7.0;
				MTL_ENABLE_DEBUG_INFO = NO;
				SDKROOT = iphoneos;
				VALIDATE_PRODUCT = YES;
			};
			name = Release;
		};
		4F13F28A1AE3140200B55A5C /* Debug */ = {
			isa = XCBuildConfiguration;
			baseConfigurationReference = FA34B70E3558A164D91762C3 /* Pods.debug.xcconfig */;
			buildSettings = {
				FRAMEWORK_SEARCH_PATHS = (
					"$(SDKROOT)/Developer/Library/Frameworks",
					"$(inherited)",
				);
				GCC_PREPROCESSOR_DEFINITIONS = (
					"DEBUG=1",
					"$(inherited)",
				);
				INFOPLIST_FILE = "Supporting Files/Tests-Info.plist";
				LD_RUNPATH_SEARCH_PATHS = "$(inherited) @executable_path/Frameworks @loader_path/Frameworks";
				PRODUCT_NAME = "$(TARGET_NAME)";
				TEST_HOST = "$(BUILT_PRODUCTS_DIR)/Application.app/Application";
			};
			name = Debug;
		};
		4F13F28B1AE3140200B55A5C /* Release */ = {
			isa = XCBuildConfiguration;
			baseConfigurationReference = 8F55D33256EB9B7897C4492B /* Pods.release.xcconfig */;
			buildSettings = {
				FRAMEWORK_SEARCH_PATHS = (
					"$(SDKROOT)/Developer/Library/Frameworks",
					"$(inherited)",
				);
				INFOPLIST_FILE = "Supporting Files/Tests-Info.plist";
				LD_RUNPATH_SEARCH_PATHS = "$(inherited) @executable_path/Frameworks @loader_path/Frameworks";
				PRODUCT_NAME = "$(TARGET_NAME)";
				TEST_HOST = "$(BUILT_PRODUCTS_DIR)/Application.app/Application";
			};
			name = Release;
		};
		4F13F2C11AE3190A00B55A5C /* Debug */ = {
			isa = XCBuildConfiguration;
			baseConfigurationReference = FA34B70E3558A164D91762C3 /* Pods.debug.xcconfig */;
			buildSettings = {
				ASSETCATALOG_COMPILER_APPICON_NAME = AppIcon;
				CODE_SIGN_IDENTITY = "iPhone Developer";
				GCC_PREPROCESSOR_DEFINITIONS = (
					"DEBUG=1",
					"$(inherited)",
				);
				INFOPLIST_FILE = "Supporting Files/Application-Info.plist";
				IPHONEOS_DEPLOYMENT_TARGET = 7.0;
				LD_RUNPATH_SEARCH_PATHS = "$(inherited) @executable_path/Frameworks";
				PRODUCT_NAME = "$(TARGET_NAME)";
				TARGETED_DEVICE_FAMILY = "1,2";
			};
			name = Debug;
		};
		4F13F2C21AE3190A00B55A5C /* Release */ = {
			isa = XCBuildConfiguration;
			baseConfigurationReference = 8F55D33256EB9B7897C4492B /* Pods.release.xcconfig */;
			buildSettings = {
				ASSETCATALOG_COMPILER_APPICON_NAME = AppIcon;
				CODE_SIGN_IDENTITY = "iPhone Developer";
				INFOPLIST_FILE = "Supporting Files/Application-Info.plist";
				IPHONEOS_DEPLOYMENT_TARGET = 7.0;
				LD_RUNPATH_SEARCH_PATHS = "$(inherited) @executable_path/Frameworks";
				PRODUCT_NAME = "$(TARGET_NAME)";
				TARGETED_DEVICE_FAMILY = "1,2";
			};
			name = Release;
		};
/* End XCBuildConfiguration section */

/* Begin XCConfigurationList section */
		4F13F2401AE3120D00B55A5C /* Build configuration list for PBXProject "SlackTextViewControllerTests" */ = {
			isa = XCConfigurationList;
			buildConfigurations = (
				4F13F2601AE3121100B55A5C /* Debug */,
				4F13F2611AE3121100B55A5C /* Release */,
			);
			defaultConfigurationIsVisible = 0;
			defaultConfigurationName = Release;
		};
		4F13F2891AE3140200B55A5C /* Build configuration list for PBXNativeTarget "Tests" */ = {
			isa = XCConfigurationList;
			buildConfigurations = (
				4F13F28A1AE3140200B55A5C /* Debug */,
				4F13F28B1AE3140200B55A5C /* Release */,
			);
			defaultConfigurationIsVisible = 0;
			defaultConfigurationName = Release;
		};
		4F13F2C51AE3190A00B55A5C /* Build configuration list for PBXNativeTarget "Application" */ = {
			isa = XCConfigurationList;
			buildConfigurations = (
				4F13F2C11AE3190A00B55A5C /* Debug */,
				4F13F2C21AE3190A00B55A5C /* Release */,
			);
			defaultConfigurationIsVisible = 0;
			defaultConfigurationName = Release;
		};
/* End XCConfigurationList section */
	};
	rootObject = 4F13F23D1AE3120D00B55A5C /* Project object */;
}
