PODS:
  - LoremIpsum (1.0.0)
  - SlackTextViewController (1.5)

DEPENDENCIES:
  - LoremIpsum (~> 1.0)
  - SlackTextViewController (from `../SlackTextViewController.podspec`)

EXTERNAL SOURCES:
  SlackTextViewController:
    :path: ../SlackTextViewController.podspec

SPEC CHECKSUMS:
  LoremIpsum: 9029c55d36501b2ee0b05cc9ecda11d3a0479160
  SlackTextViewController: 753fa65529f3bb63a4b3568e305dee62e4c4251a

COCOAPODS: 0.35.0
