PODS:
  - LoremIpsum (1.0.0)
  - SlackTextViewController (1.1):
    - SlackTextViewController/Additions
    - SlackTextViewController/Additions
  - SlackTextViewController/Additions (1.1):
    - SlackTextViewController/Additions

DEPENDENCIES:
  - LoremIpsum (~> 1.0)
  - SlackTextViewController (from `../../SlackTextViewController.podspec`)

EXTERNAL SOURCES:
  SlackTextViewController:
    :path: ../../SlackTextViewController.podspec

SPEC CHECKSUMS:
  LoremIpsum: a4d378ecaffcb08c7e40cdba3fb935dc41b2272c
  SlackTextViewController: f72bdc6b7383a56f38677a2dc791751483a84019

COCOAPODS: 0.33.1
