PODS:
  - LoremIpsum (1.0.0)
  - SlackTextViewController (1.4.1):
    - SlackTextViewController/Additions (= 1.4.1)
  - SlackTextViewController/Additions (1.4.1)

DEPENDENCIES:
  - LoremIpsum (~> 1.0)
  - SlackTextViewController (from `../../SlackTextViewController.podspec`)

EXTERNAL SOURCES:
  SlackTextViewController:
    :path: ../../SlackTextViewController.podspec

SPEC CHECKSUMS:
  LoremIpsum: a4d378ecaffcb08c7e40cdba3fb935dc41b2272c
  SlackTextViewController: a0a6976e5e484fadefa2e7dd429a27c0edb768ac

COCOAPODS: 0.35.0
