PODS:
  - SlackTextViewController (1.1):
    - SlackTextViewController/Additions
    - SlackTextViewController/Additions
  - SlackTextViewController/Additions (1.1):
    - SlackTextViewController/Additions

DEPENDENCIES:
  - SlackTextViewController (from `../../SlackTextViewController.podspec`)

EXTERNAL SOURCES:
  SlackTextViewController:
    :path: ../../SlackTextViewController.podspec

SPEC CHECKSUMS:
  SlackTextViewController: f72bdc6b7383a56f38677a2dc791751483a84019

COCOAPODS: 0.34.1
