PODS:
  - LoremIpsum (1.0.0)
  - SlackChatKit (0.0.1)

DEPENDENCIES:
  - LoremIpsum (~> 1.0)
  - SlackChatKit (from `../../SlackChatKit.podspec`)

EXTERNAL SOURCES:
  SlackChatKit:
    :path: ../../SlackChatKit.podspec

SPEC CHECKSUMS:
  LoremIpsum: a4d378ecaffcb08c7e40cdba3fb935dc41b2272c
  SlackChatKit: 1ee4d0d1c8aed7b444e574cdf85e84c78ec3650a

COCOAPODS: 0.33.1
